# This file is automatically @generated by Cargo.
# It is not intended for manual editing.
[[package]]
name = "bitflags"
version = "1.2.1"
source = "registry+https://github.com/rust-lang/crates.io-index"

[[package]]
name = "cc"
version = "1.0.48"
source = "registry+https://github.com/rust-lang/crates.io-index"

[[package]]
name = "goblin"
version = "0.0.14"
source = "registry+https://github.com/rust-lang/crates.io-index"
dependencies = [
 "plain 0.2.3 (registry+https://github.com/rust-lang/crates.io-index)",
 "scroll 0.8.0 (registry+https://github.com/rust-lang/crates.io-index)",
]

[[package]]
name = "orbclient"
version = "0.3.21"
source = "git+https://gitlab.redox-os.org/redox-os/orbclient.git?branch=no_std#0cf93f23b88fdeff6561a4f9b4b91798c3c3a4a1"

[[package]]
name = "plain"
version = "0.2.3"
source = "registry+https://github.com/rust-lang/crates.io-index"

[[package]]
name = "raw-cpuid"
version = "6.1.0"
source = "registry+https://github.com/rust-lang/crates.io-index"
dependencies = [
 "bitflags 1.2.1 (registry+https://github.com/rust-lang/crates.io-index)",
 "cc 1.0.48 (registry+https://github.com/rust-lang/crates.io-index)",
 "rustc_version 0.2.3 (registry+https://github.com/rust-lang/crates.io-index)",
]

[[package]]
name = "redox_bootloader"
version = "0.1.0"
dependencies = [
 "goblin 0.0.14 (registry+https://github.com/rust-lang/crates.io-index)",
 "orbclient 0.3.21 (git+https://gitlab.redox-os.org/redox-os/orbclient.git?branch=no_std)",
 "redox_uefi 0.1.0 (registry+https://github.com/rust-lang/crates.io-index)",
 "redox_uefi_std 0.1.2 (registry+https://github.com/rust-lang/crates.io-index)",
 "x86 0.18.1 (registry+https://github.com/rust-lang/crates.io-index)",
]

[[package]]
name = "redox_uefi"
version = "0.1.0"
source = "registry+https://github.com/rust-lang/crates.io-index"

[[package]]
name = "redox_uefi_alloc"
version = "0.1.0"
source = "registry+https://github.com/rust-lang/crates.io-index"
dependencies = [
 "redox_uefi 0.1.0 (registry+https://github.com/rust-lang/crates.io-index)",
]

[[package]]
name = "redox_uefi_std"
version = "0.1.2"
source = "registry+https://github.com/rust-lang/crates.io-index"
dependencies = [
 "redox_uefi 0.1.0 (registry+https://github.com/rust-lang/crates.io-index)",
 "redox_uefi_alloc 0.1.0 (registry+https://github.com/rust-lang/crates.io-index)",
]

[[package]]
name = "rustc_version"
version = "0.2.3"
source = "registry+https://github.com/rust-lang/crates.io-index"
dependencies = [
 "semver 0.9.0 (registry+https://github.com/rust-lang/crates.io-index)",
]

[[package]]
name = "scroll"
version = "0.8.0"
source = "registry+https://github.com/rust-lang/crates.io-index"

[[package]]
name = "semver"
version = "0.9.0"
source = "registry+https://github.com/rust-lang/crates.io-index"
dependencies = [
 "semver-parser 0.7.0 (registry+https://github.com/rust-lang/crates.io-index)",
]

[[package]]
name = "semver-parser"
version = "0.7.0"
source = "registry+https://github.com/rust-lang/crates.io-index"

[[package]]
name = "x86"
version = "0.18.1"
source = "registry+https://github.com/rust-lang/crates.io-index"
dependencies = [
 "bitflags 1.2.1 (registry+https://github.com/rust-lang/crates.io-index)",
 "raw-cpuid 6.1.0 (registry+https://github.com/rust-lang/crates.io-index)",
]

[metadata]
"checksum bitflags 1.2.1 (registry+https://github.com/rust-lang/crates.io-index)" = "cf1de2fe8c75bc145a2f577add951f8134889b4795d47466a54a5c846d691693"
"checksum cc 1.0.48 (registry+https://github.com/rust-lang/crates.io-index)" = "f52a465a666ca3d838ebbf08b241383421412fe7ebb463527bba275526d89f76"
"checksum goblin 0.0.14 (registry+https://github.com/rust-lang/crates.io-index)" = "2a5fea7ad351be7398e08003ea92a16bbba9a23c2a0c95d4e37d178276508217"
"checksum orbclient 0.3.21 (git+https://gitlab.redox-os.org/redox-os/orbclient.git?branch=no_std)" = "<none>"
"checksum plain 0.2.3 (registry+https://github.com/rust-lang/crates.io-index)" = "b4596b6d070b27117e987119b4dac604f3c58cfb0b191112e24771b2faeac1a6"
"checksum raw-cpuid 6.1.0 (registry+https://github.com/rust-lang/crates.io-index)" = "30a9d219c32c9132f7be513c18be77c9881c7107d2ab5569d205a6a0f0e6dc7d"
"checksum redox_uefi 0.1.0 (registry+https://github.com/rust-lang/crates.io-index)" = "dafc50645c27c55ca19d27645a6d91e2a8cbc7aabb2ed024ce914512c75e1217"
"checksum redox_uefi_alloc 0.1.0 (registry+https://github.com/rust-lang/crates.io-index)" = "72e7224e2106fdc2a35a33e38825f4867c3566671dc496fb67b992d05328e564"
"checksum redox_uefi_std 0.1.2 (registry+https://github.com/rust-lang/crates.io-index)" = "ead5c13a8a650646b2f93065002d65b45226cdbc6494b0ac4aaed30ce9b17c7f"
"checksum rustc_version 0.2.3 (registry+https://github.com/rust-lang/crates.io-index)" = "138e3e0acb6c9fb258b19b67cb8abd63c00679d2851805ea151465464fe9030a"
"checksum scroll 0.8.0 (registry+https://github.com/rust-lang/crates.io-index)" = "b13864e1e0b3ed661d7206d512b8d1c4970f7fd9de23ae4e9b4331f0c25559e8"
"checksum semver 0.9.0 (registry+https://github.com/rust-lang/crates.io-index)" = "1d7eb9ef2c18661902cc47e535f9bc51b78acd254da71d375c2f6720d9a40403"
"checksum semver-parser 0.7.0 (registry+https://github.com/rust-lang/crates.io-index)" = "388a1df253eca08550bef6c72392cfe7c30914bf41df5269b68cbd6ff8f570a3"
"checksum x86 0.18.1 (registry+https://github.com/rust-lang/crates.io-index)" = "abbe88368a2ddb92334b7663635414e83135cd089902e4c3b98d40700dae2252"
